# THIS IS AN AUTOGENERATED FILE. DO NOT EDIT THIS FILE DIRECTLY.
# yarn lockfile v1


immer@^9.0.3:
  version "9.0.3"
  resolved "https://registry.yarnpkg.com/immer/-/immer-9.0.3.tgz#146e2ba8b84d4b1b15378143c2345559915097f4"
  integrity sha512-mONgeNSMuyjIe0lkQPa9YhdmTv8P19IeHV0biYhcXhbd5dhdB9HSK93zBpyKjp6wersSUgT5QyU0skmejUVP2A==
