# THIS IS AN AUTOGENERATED FILE. DO NOT EDIT THIS FILE DIRECTLY.
# yarn lockfile v1


canvaskit-wasm@^0.17.3:
  version "0.17.3"
  resolved "https://registry.yarnpkg.com/canvaskit-wasm/-/canvaskit-wasm-0.17.3.tgz#969e359858946ac1bf4af564272938ac519a1307"
  integrity sha512-HNqUiB4VwlDmKNmw49uq0HBvZ+75rfIQ0YHfwY69if3sL6x3gol+QX6ROjPjpHW0czSDn5DhPLQ9jwH0KJz2Lg==
