# THIS IS AN AUTOGENERATED FILE. DO NOT EDIT THIS FILE DIRECTLY.
# yarn lockfile v1


"@design-sdk/figma-url@^0.0.1":
  version "0.0.1"
  resolved "https://registry.yarnpkg.com/@design-sdk/figma-url/-/figma-url-0.0.1.tgz#5044caea9ceded35b2640ec78133e4c67d2359a8"
  integrity sha512-/5h2PmYOkFPwJveWp8wjaCeNr4hP32RYWKGnrQ1KgLpsru0HFltzpeKJJgDgi0OSJ7A6qXWoa0Nvte1+od7F9w==

"@reflect-blocks/figma-embed@0.0.1":
  version "0.0.1"
  resolved "https://registry.yarnpkg.com/@reflect-blocks/figma-embed/-/figma-embed-0.0.1.tgz#530b22f647ee9c5c9c3485878afb9cf6c8a843ba"
  integrity sha512-fTW1+QMl9W46ydVIuAIHFZaegOizgGLCApNMSMFLQ6j3wdWKyJAYgXEwNC/6XZ3AR7MJ/KPN1hPMriVk54PyFQ==
  dependencies:
    "@design-sdk/figma-url" "^0.0.1"
