{
  "version": "5",
  "specifiers": {
    "npm:@types/node@*": "24.2.0"
  },
  "npm": {
    "@types/node@24.2.0": {
      "integrity": "sha512-3xyG3pMCq3oYCNg7/ZP+E1ooTaGB4cG8JWRsqqOYQdbWNY4zbaV0Ennrd7stjiJEFZCaybcIgpTjJWHRfBSIDw==",
      "dependencies": [
        "undici-types"
      ]
    },
    "undici-types@7.10.0": {
      "integrity": "sha512-t5Fy/nfn+14LuOc2KNYg75vZqClpAiqscVvMygNnlsHBFpSXdJaYtXMcdNLpl/Qvc3P2cB3s6lOV51nqsFq4ag=="
    }
  },
  "redirects": {
    "https://esm.sh/@selderee/plugin-htmlparser2@^0.11.0?target=denonext": "https://esm.sh/@selderee/plugin-htmlparser2@0.11.0?target=denonext",
    "https://esm.sh/@supabase/functions-js@^2.1.5?target=denonext": "https://esm.sh/@supabase/functions-js@2.86.0?target=denonext",
    "https://esm.sh/@supabase/gotrue-js@^2.60.0?target=denonext": "https://esm.sh/@supabase/gotrue-js@2.86.0?target=denonext",
    "https://esm.sh/@supabase/node-fetch@^2.6.14?target=denonext": "https://esm.sh/@supabase/node-fetch@2.6.15?target=denonext",
    "https://esm.sh/@supabase/postgrest-js@^1.9.0?target=denonext": "https://esm.sh/@supabase/postgrest-js@1.21.4?target=denonext",
    "https://esm.sh/@supabase/realtime-js@^2.9.3?target=denonext": "https://esm.sh/@supabase/realtime-js@2.86.0?target=denonext",
    "https://esm.sh/@supabase/storage-js@^2.5.4?target=denonext": "https://esm.sh/@supabase/storage-js@2.86.0?target=denonext",
    "https://esm.sh/@types/js-beautify@~1.14.3/index.d.ts": "https://esm.sh/@types/js-beautify@1.14.3/index.d.ts",
    "https://esm.sh/@types/react-dom@~19.2.3/server.d.ts": "https://esm.sh/@types/react-dom@19.2.3/server.d.ts",
    "https://esm.sh/@types/react@~19.0.7/index.d.ts": "https://esm.sh/@types/react@19.0.14/index.d.ts",
    "https://esm.sh/@types/react@~19.1.3/index.d.ts": "https://esm.sh/@types/react@19.1.17/index.d.ts",
    "https://esm.sh/@types/react@~19.2.7/index.d.ts": "https://esm.sh/@types/react@19.2.7/index.d.ts",
    "https://esm.sh/@types/react@~19.2.7/jsx-runtime.d.ts": "https://esm.sh/@types/react@19.2.7/jsx-runtime.d.ts",
    "https://esm.sh/@types/ws@~8.18.1/index.d.mts": "https://esm.sh/@types/ws@8.18.1/index.d.mts",
    "https://esm.sh/bufferutil@^4.0.1?target=denonext": "https://esm.sh/bufferutil@4.0.9?target=denonext",
    "https://esm.sh/condense-newlines@^0.2.1?target=denonext": "https://esm.sh/condense-newlines@0.2.1?target=denonext",
    "https://esm.sh/deepmerge@^4.3.1?target=denonext": "https://esm.sh/deepmerge@4.3.1?target=denonext",
    "https://esm.sh/dom-serializer@^2.0.0?target=denonext": "https://esm.sh/dom-serializer@2.0.0?target=denonext",
    "https://esm.sh/domelementtype@^2.3.0?target=denonext": "https://esm.sh/domelementtype@2.3.0?target=denonext",
    "https://esm.sh/domhandler@^5.0.3?target=denonext": "https://esm.sh/domhandler@5.0.3?target=denonext",
    "https://esm.sh/domutils@^3.0.1?target=denonext": "https://esm.sh/domutils@3.2.2?target=denonext",
    "https://esm.sh/entities@^4.2.0?target=denonext": "https://esm.sh/entities@4.5.0?target=denonext",
    "https://esm.sh/entities@^4.4.0/lib/decode?target=denonext": "https://esm.sh/entities@4.5.0/lib/decode?target=denonext",
    "https://esm.sh/htmlparser2@^8.0.2?target=denonext": "https://esm.sh/htmlparser2@8.0.2?target=denonext",
    "https://esm.sh/iceberg-js@^0.8.0?target=denonext": "https://esm.sh/iceberg-js@0.8.0?target=denonext",
    "https://esm.sh/is-buffer@^1.1.5?target=denonext": "https://esm.sh/is-buffer@1.1.6?target=denonext",
    "https://esm.sh/js-beautify@^1.6.12?target=denonext": "https://esm.sh/js-beautify@1.15.4?target=denonext",
    "https://esm.sh/kind-of@^3.0.2?target=denonext": "https://esm.sh/kind-of@3.2.2?target=denonext",
    "https://esm.sh/leac@^0.6.0?target=denonext": "https://esm.sh/leac@0.6.0?target=denonext",
    "https://esm.sh/node-gyp-build@^4.3.0?target=denonext": "https://esm.sh/node-gyp-build@4.8.4?target=denonext",
    "https://esm.sh/parseley@^0.12.0?target=denonext": "https://esm.sh/parseley@0.12.1?target=denonext",
    "https://esm.sh/peberminta@^0.9.0?target=denonext": "https://esm.sh/peberminta@0.9.0?target=denonext",
    "https://esm.sh/react-dom@^19.2.0-canary-ea05b750-20250408/server?target=denonext": "https://esm.sh/react-dom@19.3.0-canary-fd524fe0-20251121/server?target=denonext",
    "https://esm.sh/react@^19.2.0-canary-ea05b750-20250408/jsx-runtime?target=denonext": "https://esm.sh/react@19.3.0-canary-fd524fe0-20251121/jsx-runtime?target=denonext",
    "https://esm.sh/react@^19.2.0-canary-ea05b750-20250408?target=denonext": "https://esm.sh/react@19.3.0-canary-fd524fe0-20251121?target=denonext",
    "https://esm.sh/selderee@^0.11.0?target=denonext": "https://esm.sh/selderee@0.11.0?target=denonext",
    "https://esm.sh/tr46@~0.0.3?target=denonext": "https://esm.sh/tr46@0.0.3?target=denonext",
    "https://esm.sh/utf-8-validate@%3E=5.0.2?target=denonext": "https://esm.sh/utf-8-validate@6.0.5?target=denonext",
    "https://esm.sh/webidl-conversions@^3.0.0?target=denonext": "https://esm.sh/webidl-conversions@3.0.1?target=denonext",
    "https://esm.sh/whatwg-url@^5.0.0?target=denonext": "https://esm.sh/whatwg-url@5.0.0?target=denonext",
    "https://esm.sh/ws@^8.18.0?target=denonext": "https://esm.sh/ws@8.18.3?target=denonext"
  },
  "remote": {
    "https://esm.sh/@react-email/render@0.0.9/denonext/render.mjs": "6ae0f6da3674e136f50a588ac11c228ac7a41603b2d163218193e79e611afd89",
    "https://esm.sh/@react-email/render@1.0.6/denonext/render.mjs": "0fb8c975e744c4140364bae520dc183a24387212f33d18f74d6fb5380d5e06fb",
    "https://esm.sh/@selderee/plugin-htmlparser2@0.11.0/denonext/plugin-htmlparser2.mjs": "bf215c5e29a046da720be2ba856316197ccd53291f42030e947f3df49d8a93e4",
    "https://esm.sh/@selderee/plugin-htmlparser2@0.11.0?target=denonext": "1b642b94e690ea7e82b72aab470d89548cc2e32fd6a1603afec94f67c800b7db",
    "https://esm.sh/@supabase/auth-js@2.69.1/denonext/auth-js.mjs": "fb31c3925437753f5a8a90fc57ea24dc5b68b2b295e696123b1b6a635b7b3ada",
    "https://esm.sh/@supabase/functions-js@2.4.4/denonext/functions-js.mjs": "7adeb257410ef3c4a8a1eb9b4ff416c0075d1c32860ca04913c8a9dace1de6a6",
    "https://esm.sh/@supabase/functions-js@2.86.0/denonext/functions-js.mjs": "e3c069a396ec89d9d3efc7d3bf443b5688780b13e744d110d00570c80bbeca4e",
    "https://esm.sh/@supabase/functions-js@2.86.0?target=denonext": "edc18f6defb04543a2a6069520085527b7d99cc7c743345d6aafd83a9633b49e",
    "https://esm.sh/@supabase/gotrue-js@2.86.0/denonext/gotrue-js.mjs": "a81cef47a837d7ccc2735698e5123d4035a85c494e39cc3a5585a792f9b56dc3",
    "https://esm.sh/@supabase/gotrue-js@2.86.0?target=denonext": "182cac38e1f61b50ec90fa61866aa690a1aa8fcd54ea413ade245e75eea22c12",
    "https://esm.sh/@supabase/node-fetch@2.6.15/denonext/node-fetch.mjs": "0bae9052231f4f6dbccc7234d05ea96923dbf967be12f402764580b6bf9f713d",
    "https://esm.sh/@supabase/node-fetch@2.6.15?target=denonext": "4d28c4ad97328403184353f68434f2b6973971507919e9150297413664919cf3",
    "https://esm.sh/@supabase/postgrest-js@1.19.4/denonext/postgrest-js.mjs": "2073b5552ba10c7a8302bffffae771e3aede1daf833382355dae239fb0ab2576",
    "https://esm.sh/@supabase/postgrest-js@1.21.4/denonext/postgrest-js.mjs": "c3769b11ef02debc78ecf6ab4e152d3cf7dbd05bbbafeb72c160e76cc57cda3c",
    "https://esm.sh/@supabase/postgrest-js@1.21.4?target=denonext": "db2315bc0ff19690cd4239c5adb5f5787f5dea04955058ef1fca541d49555ed6",
    "https://esm.sh/@supabase/realtime-js@2.11.2/denonext/realtime-js.mjs": "c33ac375b6be89c893f9df844d2525a4ace015a35aa6ba236270d00c6605c7ba",
    "https://esm.sh/@supabase/realtime-js@2.86.0/denonext/realtime-js.mjs": "195fc54b95415cc874b56d77b369e439006bee5d7218a34293c770ae23c5ce1f",
    "https://esm.sh/@supabase/realtime-js@2.86.0?target=denonext": "352716857e97ef80c30890752af460bb257dc11b13ed94f4ce62c660d3061d94",
    "https://esm.sh/@supabase/storage-js@2.7.1/denonext/storage-js.mjs": "73ac8cdc95cfcd794fe603dbd7ce06d539ab51538ae6467eabe0f9cc26c993aa",
    "https://esm.sh/@supabase/storage-js@2.86.0/denonext/storage-js.mjs": "7112d8ea92b752e6297f98f87bb6a9a7d0cc5a2063d7e7b94f1cc42106317cc0",
    "https://esm.sh/@supabase/storage-js@2.86.0?target=denonext": "08a91f255b87e1c9f8319c0c8eeebed560b3f8b7750f1454bd3379cf445632e6",
    "https://esm.sh/@supabase/supabase-js@2.39.3": "832d7714491bd1c8a9008a332b35cb099f24b451ad79e755ecf4d71985fd6610",
    "https://esm.sh/@supabase/supabase-js@2.39.3/denonext/supabase-js.mjs": "054f4cd1560fa814cdc10d06c0809b00d0817dc06a072fa983e4c023e4346439",
    "https://esm.sh/@supabase/supabase-js@2.49.4": "d52c4d06946766d328fdd0ac2e007f52bb6d2ef7ce6103ad9f0f57d92b73e978",
    "https://esm.sh/@supabase/supabase-js@2.49.4/denonext/supabase-js.mjs": "8c664dda021a5abc7c0b1f49d89d5886a7f9c63c9d365eb3764e1e27440bd781",
    "https://esm.sh/bufferutil@4.0.9/denonext/bufferutil.mjs": "13dca4d5bb2c68cbe119f880fa3bd785b9a81a8e02e0834dae604b4b85295cd8",
    "https://esm.sh/bufferutil@4.0.9?target=denonext": "e32574569ab438facfcc3f412c659b0719bbf05477136ca176938c9a3ac45125",
    "https://esm.sh/condense-newlines@0.2.1/denonext/condense-newlines.mjs": "e9d95d8f0f0bf06d048e57a92fbe3c7f828053c66e89b7fd15eb2732b63d8f90",
    "https://esm.sh/condense-newlines@0.2.1?target=denonext": "14fa46e2f66da78fd2495652b73a48d788cc33d046b51df2315875148e08a522",
    "https://esm.sh/deepmerge@4.3.1/denonext/deepmerge.mjs": "1f448aaa83a52514faecb2edc02eb766c9eb10b935b9ac4c1c2a877a0bb56b80",
    "https://esm.sh/deepmerge@4.3.1?target=denonext": "a8faef33b536441a2c63f8c967d160848eb1f898a8e83a35a9f0623ecd9063d3",
    "https://esm.sh/dom-serializer@2.0.0/denonext/dom-serializer.mjs": "545028b1d2c25bae5cbfe6930a28a2e4f7f05e1a0d09bbd0f3f5f9a33df8e3bd",
    "https://esm.sh/dom-serializer@2.0.0?target=denonext": "1626b2b8326556ea2816b5f9bf7522bc9581d545fd9ad117c066ab7a5ff1fb89",
    "https://esm.sh/domelementtype@2.3.0/denonext/domelementtype.mjs": "4f3b57348729cd517560139eb1969ca2fe9cc58c5188abe56e7336d5cb557cc0",
    "https://esm.sh/domelementtype@2.3.0?target=denonext": "2beb2a1e3d18892a9b00ef9528811b93f613a77d2b6fb25376ec0f109ac48a4f",
    "https://esm.sh/domhandler@5.0.3/denonext/domhandler.mjs": "3fb258a3d79bc9066a568bb6b09ce946d1fcfa2636a24ae80a4db220956e0873",
    "https://esm.sh/domhandler@5.0.3?target=denonext": "298fde249b7bff9e80667cfe643e7d4b390871b77b0928d086ce4c0b8fc570e2",
    "https://esm.sh/domutils@3.2.2/denonext/domutils.mjs": "f0b4e80e73810ed6f3d8c4e1822feef89208f32c88b6024a84328d02f5f77c40",
    "https://esm.sh/domutils@3.2.2?target=denonext": "7e487176c61dfd1dfdbcfd1195e7329a64f53421511561b69c570a6cff0a6167",
    "https://esm.sh/entities@4.5.0/denonext/entities.mjs": "4a9306e4021ae1079e83b5db26e1678c536fa69c8f2839802bc3cc43282cef08",
    "https://esm.sh/entities@4.5.0/denonext/lib/decode.mjs": "ef22e25f6bca668e40c4f7d4ecaebe2172a833a18372d55b54f997d0d8702dcd",
    "https://esm.sh/entities@4.5.0/denonext/lib/escape.mjs": "116aef78e5ff05efa6f79851b8b59da025ab88f5c25d2262f73df98f4d57c3fa",
    "https://esm.sh/entities@4.5.0/lib/decode?target=denonext": "488bc8401a0c85a76527d61a41352c5371904aeda57a136eb10ccfadcd2f7c8c",
    "https://esm.sh/entities@4.5.0?target=denonext": "f6bc559c07f40e94b3ef50f0b24e2666a2258db3b6697bf4da8fd2fc014ef7a1",
    "https://esm.sh/html-to-text@9.0.5/denonext/html-to-text.mjs": "6d781c4b144d75deab4b13f72d449cf9a562e924568a57217b28bb459506d775",
    "https://esm.sh/htmlparser2@8.0.2/denonext/htmlparser2.mjs": "c0be0f190e625b82e88378875016f820a38d586e9c885d37e3dd2073a4f0fdfb",
    "https://esm.sh/htmlparser2@8.0.2/denonext/lib/esm/Parser.mjs": "d58fb2f87f8fead8e7ac03c544690908b4db21ab0513415b0cfe9311ab31aaa3",
    "https://esm.sh/htmlparser2@8.0.2/denonext/lib/esm/Tokenizer.mjs": "09109e601c7acd75b99c2a34e53e339a46301d9937e1495eaca8f9019a7b3040",
    "https://esm.sh/htmlparser2@8.0.2?target=denonext": "fd3edaa58a00e79f11b3510cc3930c9f5345486cdcc52c0afe24bbb36aece028",
    "https://esm.sh/iceberg-js@0.8.0/denonext/iceberg-js.mjs": "2d0a0e39653ba07a6831f3c50498f92419e4ce09ee43514e69831267bd58c1cb",
    "https://esm.sh/iceberg-js@0.8.0?target=denonext": "486642887657e92676b5a8a8a18bee7daa8abfdfb1256173fd8d983302ccf066",
    "https://esm.sh/is-buffer@1.1.6/denonext/is-buffer.mjs": "7264928a1661a6654cb91eaf80e03f231916a18ed5f0ee777eb923fa7a6030a2",
    "https://esm.sh/is-buffer@1.1.6?target=denonext": "f56968ea9b1be60f7718da02368a7c93863121b25dfd575ad7540f7eb33b59d3",
    "https://esm.sh/js-beautify@1.15.4/denonext/js-beautify.mjs": "4186b65157e7198d792023c069e2d82dbcccf75911c9da35128289f16059daf1",
    "https://esm.sh/js-beautify@1.15.4?target=denonext": "e502ba1faece62eea942d95725ef270d8747dbbeb28f7ecbc0c7f98ef59656cf",
    "https://esm.sh/kind-of@3.2.2/denonext/kind-of.mjs": "554f16643329a170dd3da6467e216567316e2c54fae47dc9e1bc99ead7af92b6",
    "https://esm.sh/kind-of@3.2.2?target=denonext": "13aaf8bf5a61d1a83e46ddf13b14163ee4ad2b710bf518a2c3251b70eeec6095",
    "https://esm.sh/leac@0.6.0/denonext/leac.mjs": "e8c75e599987aa753dd83b68150eae015e87066834f78748e08b52a101d1730f",
    "https://esm.sh/leac@0.6.0?target=denonext": "49d9cd25ff3a0658f687f430fb60ae79811a6ba3db8f6d2d243274d789ff6013",
    "https://esm.sh/node-gyp-build@4.8.4/denonext/node-gyp-build.mjs": "9a86f2d044fc77bd60aaa3d697c2ba1b818da5fb1b9aaeedec59a40b8e908803",
    "https://esm.sh/node-gyp-build@4.8.4?target=denonext": "261a6cedf1fdbf159798141ba1e2311ac1510682c5c8b55dacc8cf5fdee4aa06",
    "https://esm.sh/parseley@0.12.1/denonext/parseley.mjs": "adb641dd0790c5f80caccae1d12029aa5434498368eea27696e9e3d5dcd0b835",
    "https://esm.sh/parseley@0.12.1?target=denonext": "8169d6a6a0345226dc65fed2b195413c2bc863348afa61ce31f5bf4730299a1a",
    "https://esm.sh/peberminta@0.9.0/denonext/lib/util.mjs": "ab48ab5eead902341c9f2209db7881d58f9ad2eeac75d62b02bd8fc3c2b96df5",
    "https://esm.sh/peberminta@0.9.0/denonext/peberminta.mjs": "b9e30d34531689bfa87bdd584c19732de2b40a7fb9c87a8dd083b24ccce9199f",
    "https://esm.sh/peberminta@0.9.0?target=denonext": "021e477cef449a6078dec84f778954407b9a913315dc72e5c42eee18db590843",
    "https://esm.sh/prettier@3.5.3/denonext/doc.mjs": "348842240cd67b74474fb2ea86c5ef391a611413cc2cfc46d9400c5b4da52a6a",
    "https://esm.sh/prettier@3.5.3/denonext/plugins/acorn.mjs": "7207618afc87f4c55c73369c0dd929d0ad5a4a7c976a7b282c36d60cdec94ef5",
    "https://esm.sh/prettier@3.5.3/denonext/plugins/angular.mjs": "8e639df1b31b85601cd083f1b0be56ab76f25e7ac26d6109d984d5be214b456b",
    "https://esm.sh/prettier@3.5.3/denonext/plugins/babel.mjs": "140c19132cde7b35b9e19af588c22233486f137e32d4d3237682184c043ce2b7",
    "https://esm.sh/prettier@3.5.3/denonext/plugins/estree.mjs": "9548887fb3c2a1c864bdb44d9660dc95e8b11a03a85b51ba9fed8a8eedfa6768",
    "https://esm.sh/prettier@3.5.3/denonext/plugins/flow.mjs": "002a24d3b6451056c48bbc2cc2091ddba3d6d42257e326da7649133af85ac477",
    "https://esm.sh/prettier@3.5.3/denonext/plugins/glimmer.mjs": "380e3bebc7b8d18c400c04e515586f4581e8f3eca24d7cf89ef44330bba7991a",
    "https://esm.sh/prettier@3.5.3/denonext/plugins/graphql.mjs": "6882e686309f81e817a158ce746b81ce73bb0804e69e3d0aea529ab58ecb4489",
    "https://esm.sh/prettier@3.5.3/denonext/plugins/html.mjs": "2a127ef535ae3cfe9dc898b20f72ee6b2ba4fc1c6142dfc04f120408b556ba79",
    "https://esm.sh/prettier@3.5.3/denonext/plugins/markdown.mjs": "a56151f9a5f13c47d352ce1b9d50dbee7a39af90d734e7d67814b356ba9f2b64",
    "https://esm.sh/prettier@3.5.3/denonext/plugins/meriyah.mjs": "c29c5732d4bcce653d9ae3d93b1d83df2ecb6609e1f57ab8b31e76074e5cc990",
    "https://esm.sh/prettier@3.5.3/denonext/plugins/postcss.mjs": "0ef7b72ddffbf979544ba46b75e58daa1646d8611fea6f6bd02696cf272eef74",
    "https://esm.sh/prettier@3.5.3/denonext/plugins/typescript.mjs": "9c70d792773acd8e5cd20294e3ea09500f93f7b32c4cdc611efe88ee6aab1927",
    "https://esm.sh/prettier@3.5.3/denonext/plugins/yaml.mjs": "fdc98af53cfbc9ff58926be0a386ec34a21b4c8a9a42d8d444a10aa86a7bd9f9",
    "https://esm.sh/prettier@3.5.3/denonext/prettier.mjs": "ccbadd036440d2086e269c6d32399328f85f23c788cc9dec4ef262efaf9b46d1",
    "https://esm.sh/prettier@3.5.3/denonext/standalone.mjs": "8550e87e6cd225dd9d4b9ce7319b7fd87cabe7a3e5de06dcaed1de5e9e6b5d0c",
    "https://esm.sh/pretty@2.0.0/denonext/pretty.mjs": "4dc1a89b052a78dae360efd37e823a752bde553f7a6ea9fd5507e2365b37d510",
    "https://esm.sh/react-dom@18.2.0/denonext/server.mjs": "8e60c3810ba398eae573a08bb0586fa6f026a039b22719c149426b8a898cd13f",
    "https://esm.sh/react-dom@19.3.0-canary-fd524fe0-20251121/denonext/cjs/react-dom-server-legacy.browser.production.mjs": "ba72f74b479a377b0436d59f0996438033e417285dbc48ba1833b6f23d08bc37",
    "https://esm.sh/react-dom@19.3.0-canary-fd524fe0-20251121/denonext/cjs/react-dom-server.browser.production.mjs": "e68cb563aad3902e2fc0835cfada999ed7deb499c6d48c0eae634032fab8b0c0",
    "https://esm.sh/react-dom@19.3.0-canary-fd524fe0-20251121/denonext/react-dom.mjs": "d27e6dc5fffe6333308372db57deb02416a78dd2eeba8f66ff94b1b5f7829ef3",
    "https://esm.sh/react-dom@19.3.0-canary-fd524fe0-20251121/denonext/server.mjs": "e823fb560c6be08eec0a0bde9d01982963eb1b707e14e5e63b508cd0ec03aec7",
    "https://esm.sh/react-dom@19.3.0-canary-fd524fe0-20251121/server?target=denonext": "f900bcd882394bfffd509c30b20015e9fbf7aefaf7370a6ed5ba5816a57fd9be",
    "https://esm.sh/react@18.2.0/denonext/react.mjs": "a986c2876dc2f73879f395e677dc34cb751f260e69db16364810655f884df173",
    "https://esm.sh/react@19.3.0-canary-fd524fe0-20251121/denonext/jsx-runtime.mjs": "848205505478c0a5dc5be9ff80e40165b94842b2c49ef102c0224969898c62e2",
    "https://esm.sh/react@19.3.0-canary-fd524fe0-20251121/denonext/react.mjs": "a1e5f4b7baff2aada6c06c78a5c772859db44dd61f417a5674f2b1cbd205cd30",
    "https://esm.sh/react@19.3.0-canary-fd524fe0-20251121/jsx-runtime?target=denonext": "eae7092fe8b47524bf8720f9206a267d29a4d2f8dadd9b46af97155bf147c94b",
    "https://esm.sh/react@19.3.0-canary-fd524fe0-20251121?target=denonext": "7369f6fd9bf4ca0d0d16e77823293ae48cb83ba0ec6e8221f19cd6dcdd9f9b1e",
    "https://esm.sh/resend@2.0.0": "b222433340dc6655ed294a343815916b5a5ceeac999f07f627a5614a87cd9fe4",
    "https://esm.sh/resend@2.0.0/denonext/resend.mjs": "67fffc78d60ce88226431208b8746ff5977401d5525b3c873fd66b2de3cc5a55",
    "https://esm.sh/resend@4.5.1": "bdb3b4c22371494a7346f41bd1d5ff574510450fd2152bc64f7affd6ba37922b",
    "https://esm.sh/resend@4.5.1/denonext/resend.mjs": "b2bc7d820524b4ba62122185c080fb529edf37c63047df090449f81cab6a4284",
    "https://esm.sh/selderee@0.11.0/denonext/selderee.mjs": "7cd55f556e21df07f094dc04a9a3b19f56f4b0781c92aebfb5fbda7536fc167d",
    "https://esm.sh/selderee@0.11.0?target=denonext": "30cf39b226588a56ac350c58aa59db26137ad7a6c609f02689718bbfd389a618",
    "https://esm.sh/tr46@0.0.3/denonext/tr46.mjs": "5753ec0a99414f4055f0c1f97691100f13d88e48a8443b00aebb90a512785fa2",
    "https://esm.sh/tr46@0.0.3?target=denonext": "19cb9be0f0d418a0c3abb81f2df31f080e9540a04e43b0f699bce1149cba0cbb",
    "https://esm.sh/tslib@2.8.1/denonext/tslib.mjs": "ebce3cd5facb654623020337f867b426ba95f71596ba87acc9e6c6f4e55905ca",
    "https://esm.sh/utf-8-validate@6.0.5/denonext/utf-8-validate.mjs": "66b8ea532a0c745068f5b96ddb1bae332c3036703243541d2e89e66331974d98",
    "https://esm.sh/utf-8-validate@6.0.5?target=denonext": "071bc33ba1a58297e23a34d69dd589fd06df04b0f373b382ff5da544a623f271",
    "https://esm.sh/webidl-conversions@3.0.1/denonext/webidl-conversions.mjs": "54b5c2d50a294853c4ccebf9d5ed8988c94f4e24e463d84ec859a866ea5fafec",
    "https://esm.sh/webidl-conversions@3.0.1?target=denonext": "4e20318d50528084616c79d7b3f6e7f0fe7b6d09013bd01b3974d7448d767e29",
    "https://esm.sh/whatwg-url@5.0.0/denonext/whatwg-url.mjs": "29b16d74ee72624c915745bbd25b617cfd2248c6af0f5120d131e232a9a9af79",
    "https://esm.sh/whatwg-url@5.0.0?target=denonext": "f001a2cadf81312d214ca330033f474e74d81a003e21e8c5d70a1f46dc97b02d",
    "https://esm.sh/ws@8.18.3/denonext/ws.mjs": "063ab2c92e0908d060e4de414b74e941fbd1b3ccedfce35cc965703a8a3f86c1",
    "https://esm.sh/ws@8.18.3?target=denonext": "a5ca9d7990fc419fd8b8d06d0855bb64688769e6bb887ba07d36c13172f882b5"
  }
}
